// !$*UTF8*$!
{
	archiveVersion = 1;
	classes = {
	};
	objectVersion = 46;
	objects = {

/* Begin PBXBuildFile section */
		948A3D631CB64AE900C85DBF /* main.m in Sources */ = {isa = PBXBuildFile; fileRef = 948A3D621CB64AE900C85DBF /* main.m */; };
		948A3D661CB64AE900C85DBF /* AppDelegate.m in Sources */ = {isa = PBXBuildFile; fileRef = 948A3D651CB64AE900C85DBF /* AppDelegate.m */; };
		948A3D691CB64AE900C85DBF /* ViewController.m in Sources */ = {isa = PBXBuildFile; fileRef = 948A3D681CB64AE900C85DBF /* ViewController.m */; };
		948A3D6C1CB64AE900C85DBF /* Main.storyboard in Resources */ = {isa = PBXBuildFile; fileRef = 948A3D6A1CB64AE900C85DBF /* Main.storyboard */; };
		948A3D6E1CB64AE900C85DBF /* Assets.xcassets in Resources */ = {isa = PBXBuildFile; fileRef = 948A3D6D1CB64AE900C85DBF /* Assets.xcassets */; };
		948A3D711CB64AE900C85DBF /* LaunchScreen.storyboard in Resources */ = {isa = PBXBuildFile; fileRef = 948A3D6F1CB64AE900C85DBF /* LaunchScreen.storyboard */; };
/* End PBXBuildFile section */

/* Begin PBXFileReference section */
		948A3D5E1CB64AE900C85DBF /* PopMenuDemo.app */ = {isa = PBXFileReference; explicitFileType = wrapper.application; includeInIndex = 0; path = PopMenuDemo.app; sourceTree = BUILT_PRODUCTS_DIR; };
		948A3D621CB64AE900C85DBF /* main.m */ = {isa = PBXFileReference; lastKnownFileType = sourcecode.c.objc; path = main.m; sourceTree = "<group>"; };
		948A3D641CB64AE900C85DBF /* AppDelegate.h */ = {isa = PBXFileReference; lastKnownFileType = sourcecode.c.h; path = AppDelegate.h; sourceTree = "<group>"; };
		948A3D651CB64AE900C85DBF /* AppDelegate.m */ = {isa = PBXFileReference; lastKnownFileType = sourcecode.c.objc; path = AppDelegate.m; sourceTree = "<group>"; };
		948A3D671CB64AE900C85DBF /* ViewController.h */ = {isa = PBXFileReference; lastKnownFileType = sourcecode.c.h; path = ViewController.h; sourceTree = "<group>"; };
		948A3D681CB64AE900C85DBF /* ViewController.m */ = {isa = PBXFileReference; lastKnownFileType = sourcecode.c.objc; path = ViewController.m; sourceTree = "<group>"; };
		948A3D6B1CB64AE900C85DBF /* Base */ = {isa = PBXFileReference; lastKnownFileType = file.storyboard; name = Base; path = Base.lproj/Main.storyboard; sourceTree = "<group>"; };
		948A3D6D1CB64AE900C85DBF /* Assets.xcassets */ = {isa = PBXFileReference; lastKnownFileType = folder.assetcatalog; path = Assets.xcassets; sourceTree = "<group>"; };
		948A3D701CB64AE900C85DBF /* Base */ = {isa = PBXFileReference; lastKnownFileType = file.storyboard; name = Base; path = Base.lproj/LaunchScreen.storyboard; sourceTree = "<group>"; };
		948A3D721CB64AE900C85DBF /* Info.plist */ = {isa = PBXFileReference; lastKnownFileType = text.plist.xml; path = Info.plist; sourceTree = "<group>"; };
/* End PBXFileReference section */

/* Begin PBXFrameworksBuildPhase section */
		948A3D5B1CB64AE900C85DBF /* Frameworks */ = {
			isa = PBXFrameworksBuildPhase;
			buildActionMask = 2147483647;
			files = (
			);
			runOnlyForDeploymentPostprocessing = 0;
		};
/* End PBXFrameworksBuildPhase section */

/* Begin PBXGroup section */
		948A3D551CB64AE900C85DBF = {
			isa = PBXGroup;
			children = (
				948A3D601CB64AE900C85DBF /* PopMenuDemo */,
				948A3D5F1CB64AE900C85DBF /* Products */,
			);
			sourceTree = "<group>";
		};
		948A3D5F1CB64AE900C85DBF /* Products */ = {
			isa = PBXGroup;
			children = (
				948A3D5E1CB64AE900C85DBF /* PopMenuDemo.app */,
			);
			name = Products;
			sourceTree = "<group>";
		};
		948A3D601CB64AE900C85DBF /* PopMenuDemo */ = {
			isa = PBXGroup;
			children = (
				948A3D641CB64AE900C85DBF /* AppDelegate.h */,
				948A3D651CB64AE900C85DBF /* AppDelegate.m */,
				948A3D671CB64AE900C85DBF /* ViewController.h */,
				948A3D681CB64AE900C85DBF /* ViewController.m */,
				948A3D6A1CB64AE900C85DBF /* Main.storyboard */,
				948A3D6D1CB64AE900C85DBF /* Assets.xcassets */,
				948A3D6F1CB64AE900C85DBF /* LaunchScreen.storyboard */,
				948A3D721CB64AE900C85DBF /* Info.plist */,
				948A3D611CB64AE900C85DBF /* Supporting Files */,
			);
			path = PopMenuDemo;
			sourceTree = "<group>";
		};
		948A3D611CB64AE900C85DBF /* Supporting Files */ = {
			isa = PBXGroup;
			children = (
				948A3D621CB64AE900C85DBF /* main.m */,
			);
			name = "Supporting Files";
			sourceTree = "<group>";
		};
/* End PBXGroup section */

/* Begin PBXNativeTarget section */
		948A3D5D1CB64AE900C85DBF /* PopMenuDemo */ = {
			isa = PBXNativeTarget;
			buildConfigurationList = 948A3D751CB64AE900C85DBF /* Build configuration list for PBXNativeTarget "PopMenuDemo" */;
			buildPhases = (
				948A3D5A1CB64AE900C85DBF /* Sources */,
				948A3D5B1CB64AE900C85DBF /* Frameworks */,
				948A3D5C1CB64AE900C85DBF /* Resources */,
			);
			buildRules = (
			);
			dependencies = (
			);
			name = PopMenuDemo;
			productName = PopMenuDemo;
			productReference = 948A3D5E1CB64AE900C85DBF /* PopMenuDemo.app */;
			productType = "com.apple.product-type.application";
		};
/* End PBXNativeTarget section */

/* Begin PBXProject section */
		948A3D561CB64AE900C85DBF /* Project object */ = {
			isa = PBXProject;
			attributes = {
				LastUpgradeCheck = 0730;
				ORGANIZATIONNAME = langyue;
				TargetAttributes = {
					948A3D5D1CB64AE900C85DBF = {
						CreatedOnToolsVersion = 7.3;
					};
				};
			};
			buildConfigurationList = 948A3D591CB64AE900C85DBF /* Build configuration list for PBXProject "PopMenuDemo" */;
			compatibilityVersion = "Xcode 3.2";
			developmentRegion = English;
			hasScannedForEncodings = 0;
			knownRegions = (
				en,
				Base,
			);
			mainGroup = 948A3D551CB64AE900C85DBF;
			productRefGroup = 948A3D5F1CB64AE900C85DBF /* Products */;
			projectDirPath = "";
			projectRoot = "";
			targets = (
				948A3D5D1CB64AE900C85DBF /* PopMenuDemo */,
			);
		};
/* End PBXProject section */

/* Begin PBXResourcesBuildPhase section */
		948A3D5C1CB64AE900C85DBF /* Resources */ = {
			isa = PBXResourcesBuildPhase;
			buildActionMask = 2147483647;
			files = (
				948A3D711CB64AE900C85DBF /* LaunchScreen.storyboard in Resources */,
				948A3D6E1CB64AE900C85DBF /* Assets.xcassets in Resources */,
				948A3D6C1CB64AE900C85DBF /* Main.storyboard in Resources */,
			);
			runOnlyForDeploymentPostprocessing = 0;
		};
/* End PBXResourcesBuildPhase section */

/* Begin PBXSourcesBuildPhase section */
		948A3D5A1CB64AE900C85DBF /* Sources */ = {
			isa = PBXSourcesBuildPhase;
			buildActionMask = 2147483647;
			files = (
				948A3D691CB64AE900C85DBF /* ViewController.m in Sources */,
				948A3D661CB64AE900C85DBF /* AppDelegate.m in Sources */,
				948A3D631CB64AE900C85DBF /* main.m in Sources */,
			);
			runOnlyForDeploymentPostprocessing = 0;
		};
/* End PBXSourcesBuildPhase section */

/* Begin PBXVariantGroup section */
		948A3D6A1CB64AE900C85DBF /* Main.storyboard */ = {
			isa = PBXVariantGroup;
			children = (
				948A3D6B1CB64AE900C85DBF /* Base */,
			);
			name = Main.storyboard;
			sourceTree = "<group>";
		};
		948A3D6F1CB64AE900C85DBF /* LaunchScreen.storyboard */ = {
			isa = PBXVariantGroup;
			children = (
				948A3D701CB64AE900C85DBF /* Base */,
			);
			name = LaunchScreen.storyboard;
			sourceTree = "<group>";
		};
/* End PBXVariantGroup section */

/* Begin XCBuildConfiguration section */
		948A3D731CB64AE900C85DBF /* Debug */ = {
			isa = XCBuildConfiguration;
			buildSettings = {
				ALWAYS_SEARCH_USER_PATHS = NO;
				CLANG_ANALYZER_NONNULL = YES;
				CLANG_CXX_LANGUAGE_STANDARD = "gnu++0x";
				CLANG_CXX_LIBRARY = "libc++";
				CLANG_ENABLE_MODULES = YES;
				CLANG_ENABLE_OBJC_ARC = YES;
				CLANG_WARN_BOOL_CONVERSION = YES;
				CLANG_WARN_CONSTANT_CONVERSION = YES;
				CLANG_WARN_DIRECT_OBJC_ISA_USAGE = YES_ERROR;
				CLANG_WARN_EMPTY_BODY = YES;
				CLANG_WARN_ENUM_CONVERSION = YES;
				CLANG_WARN_INT_CONVERSION = YES;
				CLANG_WARN_OBJC_ROOT_CLASS = YES_ERROR;
				CLANG_WARN_UNREACHABLE_CODE = YES;
				CLANG_WARN__DUPLICATE_METHOD_MATCH = YES;
				"CODE_SIGN_IDENTITY[sdk=iphoneos*]" = "iPhone Developer";
				COPY_PHASE_STRIP = NO;
				DEBUG_INFORMATION_FORMAT = dwarf;
				ENABLE_STRICT_OBJC_MSGSEND = YES;
				ENABLE_TESTABILITY = YES;
				GCC_C_LANGUAGE_STANDARD = gnu99;
				GCC_DYNAMIC_NO_PIC = NO;
				GCC_NO_COMMON_BLOCKS = YES;
				GCC_OPTIMIZATION_LEVEL = 0;
				GCC_PREPROCESSOR_DEFINITIONS = (
					"DEBUG=1",
					"$(inherited)",
				);
				GCC_WARN_64_TO_32_BIT_CONVERSION = YES;
				GCC_WARN_ABOUT_RETURN_TYPE = YES_ERROR;
				GCC_WARN_UNDECLARED_SELECTOR = YES;
				GCC_WARN_UNINITIALIZED_AUTOS = YES_AGGRESSIVE;
				GCC_WARN_UNUSED_FUNCTION = YES;
				GCC_WARN_UNUSED_VARIABLE = YES;
				IPHONEOS_DEPLOYMENT_TARGET = 9.3;
				MTL_ENABLE_DEBUG_INFO = YES;
				ONLY_ACTIVE_ARCH = YES;
				SDKROOT = iphoneos;
				TARGETED_DEVICE_FAMILY = "1,2";
			};
			name = Debug;
		};
		948A3D741CB64AE900C85DBF /* Release */ = {
			isa = XCBuildConfiguration;
			buildSettings = {
				ALWAYS_SEARCH_USER_PATHS = NO;
				CLANG_ANALYZER_NONNULL = YES;
				CLANG_CXX_LANGUAGE_STANDARD = "gnu++0x";
				CLANG_CXX_LIBRARY = "libc++";
				CLANG_ENABLE_MODULES = YES;
				CLANG_ENABLE_OBJC_ARC = YES;
				CLANG_WARN_BOOL_CONVERSION = YES;
				CLANG_WARN_CONSTANT_CONVERSION = YES;
				CLANG_WARN_DIRECT_OBJC_ISA_USAGE = YES_ERROR;
				CLANG_WARN_EMPTY_BODY = YES;
				CLANG_WARN_ENUM_CONVERSION = YES;
				CLANG_WARN_INT_CONVERSION = YES;
				CLANG_WARN_OBJC_ROOT_CLASS = YES_ERROR;
				CLANG_WARN_UNREACHABLE_CODE = YES;
				CLANG_WARN__DUPLICATE_METHOD_MATCH = YES;
				"CODE_SIGN_IDENTITY[sdk=iphoneos*]" = "iPhone Developer";
				COPY_PHASE_STRIP = NO;
				DEBUG_INFORMATION_FORMAT = "dwarf-with-dsym";
				ENABLE_NS_ASSERTIONS = NO;
				ENABLE_STRICT_OBJC_MSGSEND = YES;
				GCC_C_LANGUAGE_STANDARD = gnu99;
				GCC_NO_COMMON_BLOCKS = YES;
				GCC_WARN_64_TO_32_BIT_CONVERSION = YES;
				GCC_WARN_ABOUT_RETURN_TYPE = YES_ERROR;
				GCC_WARN_UNDECLARED_SELECTOR = YES;
				GCC_WARN_UNINITIALIZED_AUTOS = YES_AGGRESSIVE;
				GCC_WARN_UNUSED_FUNCTION = YES;
				GCC_WARN_UNUSED_VARIABLE = YES;
				IPHONEOS_DEPLOYMENT_TARGET = 9.3;
				MTL_ENABLE_DEBUG_INFO = NO;
				SDKROOT = iphoneos;
				TARGETED_DEVICE_FAMILY = "1,2";
				VALIDATE_PRODUCT = YES;
			};
			name = Release;
		};
		948A3D761CB64AE900C85DBF /* Debug */ = {
			isa = XCBuildConfiguration;
			buildSettings = {
				ASSETCATALOG_COMPILER_APPICON_NAME = AppIcon;
				INFOPLIST_FILE = PopMenuDemo/Info.plist;
				LD_RUNPATH_SEARCH_PATHS = "$(inherited) @executable_path/Frameworks";
				PRODUCT_BUNDLE_IDENTIFIER = "LangYue-China.PopMenuDemo";
				PRODUCT_NAME = "$(TARGET_NAME)";
			};
			name = Debug;
		};
		948A3D771CB64AE900C85DBF /* Release */ = {
			isa = XCBuildConfiguration;
			buildSettings = {
				ASSETCATALOG_COMPILER_APPICON_NAME = AppIcon;
				INFOPLIST_FILE = PopMenuDemo/Info.plist;
				LD_RUNPATH_SEARCH_PATHS = "$(inherited) @executable_path/Frameworks";
				PRODUCT_BUNDLE_IDENTIFIER = "LangYue-China.PopMenuDemo";
				PRODUCT_NAME = "$(TARGET_NAME)";
			};
			name = Release;
		};
/* End XCBuildConfiguration section */

/* Begin XCConfigurationList section */
		948A3D591CB64AE900C85DBF /* Build configuration list for PBXProject "PopMenuDemo" */ = {
			isa = XCConfigurationList;
			buildConfigurations = (
				948A3D731CB64AE900C85DBF /* Debug */,
				948A3D741CB64AE900C85DBF /* Release */,
			);
			defaultConfigurationIsVisible = 0;
			defaultConfigurationName = Release;
		};
		948A3D751CB64AE900C85DBF /* Build configuration list for PBXNativeTarget "PopMenuDemo" */ = {
			isa = XCConfigurationList;
			buildConfigurations = (
				948A3D761CB64AE900C85DBF /* Debug */,
				948A3D771CB64AE900C85DBF /* Release */,
			);
			defaultConfigurationIsVisible = 0;
		};
/* End XCConfigurationList section */
	};
	rootObject = 948A3D561CB64AE900C85DBF /* Project object */;
}
